
Microsoft Visual Studio Solution File, Format Version 12.00
# Visual Studio 15
VisualStudioVersion = 15.0.26730.10
MinimumVisualStudioVersion = 10.0.40219.1
Project("{FAE04EC0-301F-11D3-BF4B-00C04F79EFBC}") = "Akka.Streams.Amqp", "Akka.Streams.Amqp\Akka.Streams.Amqp.csproj", "{A9C8E9F7-B0E4-4886-BBB9-E2D1659A1CE5}"
EndProject
Project("{FAE04EC0-301F-11D3-BF4B-00C04F79EFBC}") = "Akka.Streams.Amqp.Tests", "Akka.Streams.Amqp.Tests\Akka.Streams.Amqp.Tests.csproj", "{E03486C5-F243-4C34-8471-10A2BC8D9907}"
EndProject
Global
	GlobalSection(SolutionConfigurationPlatforms) = preSolution
		Debug|Any CPU = Debug|Any CPU
		Release|Any CPU = Release|Any CPU
	EndGlobalSection
	GlobalSection(ProjectConfigurationPlatforms) = postSolution
		{A9C8E9F7-B0E4-4886-BBB9-E2D1659A1CE5}.Debug|Any CPU.ActiveCfg = Debug|Any CPU
		{A9C8E9F7-B0E4-4886-BBB9-E2D1659A1CE5}.Debug|Any CPU.Build.0 = Debug|Any CPU
		{A9C8E9F7-B0E4-4886-BBB9-E2D1659A1CE5}.Release|Any CPU.ActiveCfg = Release|Any CPU
		{A9C8E9F7-B0E4-4886-BBB9-E2D1659A1CE5}.Release|Any CPU.Build.0 = Release|Any CPU
		{E03486C5-F243-4C34-8471-10A2BC8D9907}.Debug|Any CPU.ActiveCfg = Debug|Any CPU
		{E03486C5-F243-4C34-8471-10A2BC8D9907}.Debug|Any CPU.Build.0 = Debug|Any CPU
		{E03486C5-F243-4C34-8471-10A2BC8D9907}.Release|Any CPU.ActiveCfg = Release|Any CPU
		{E03486C5-F243-4C34-8471-10A2BC8D9907}.Release|Any CPU.Build.0 = Release|Any CPU
	EndGlobalSection
	GlobalSection(SolutionProperties) = preSolution
		HideSolutionNode = FALSE
	EndGlobalSection
	GlobalSection(ExtensibilityGlobals) = postSolution
		SolutionGuid = {66F051E3-2879-43F2-9624-62A9860FF777}
	EndGlobalSection
EndGlobal
