
Microsoft Visual Studio Solution File, Format Version 12.00
# Visual Studio 15
VisualStudioVersion = 15.0.28307.271
MinimumVisualStudioVersion = 10.0.40219.1
Project("{FAE04EC0-301F-11D3-BF4B-00C04F79EFBC}") = "Akka.Streams.Channels", "Akka.Streams.Channels\Akka.Streams.Channels.csproj", "{2799D2A0-C1D8-46A4-B635-EC7FDE2B2BC7}"
EndProject
Project("{FAE04EC0-301F-11D3-BF4B-00C04F79EFBC}") = "Akka.Streams.Channels.Tests", "Akka.Streams.Channels.Tests\Akka.Streams.Channels.Tests.csproj", "{FA48C3B5-8E78-4EC5-B9DB-4F2D27AD071C}"
EndProject
Project("{2150E333-8FDC-42A3-9474-1A3956D46DE8}") = "Solution Items", "Solution Items", "{35B7F05B-90F8-4E68-9650-5CBA63420F02}"
	ProjectSection(SolutionItems) = preProject
		README.md = README.md
	EndProjectSection
EndProject
Global
	GlobalSection(SolutionConfigurationPlatforms) = preSolution
		Debug|Any CPU = Debug|Any CPU
		Release|Any CPU = Release|Any CPU
	EndGlobalSection
	GlobalSection(ProjectConfigurationPlatforms) = postSolution
		{2799D2A0-C1D8-46A4-B635-EC7FDE2B2BC7}.Debug|Any CPU.ActiveCfg = Debug|Any CPU
		{2799D2A0-C1D8-46A4-B635-EC7FDE2B2BC7}.Debug|Any CPU.Build.0 = Debug|Any CPU
		{2799D2A0-C1D8-46A4-B635-EC7FDE2B2BC7}.Release|Any CPU.ActiveCfg = Release|Any CPU
		{2799D2A0-C1D8-46A4-B635-EC7FDE2B2BC7}.Release|Any CPU.Build.0 = Release|Any CPU
		{FA48C3B5-8E78-4EC5-B9DB-4F2D27AD071C}.Debug|Any CPU.ActiveCfg = Debug|Any CPU
		{FA48C3B5-8E78-4EC5-B9DB-4F2D27AD071C}.Debug|Any CPU.Build.0 = Debug|Any CPU
		{FA48C3B5-8E78-4EC5-B9DB-4F2D27AD071C}.Release|Any CPU.ActiveCfg = Release|Any CPU
		{FA48C3B5-8E78-4EC5-B9DB-4F2D27AD071C}.Release|Any CPU.Build.0 = Release|Any CPU
	EndGlobalSection
	GlobalSection(SolutionProperties) = preSolution
		HideSolutionNode = FALSE
	EndGlobalSection
	GlobalSection(ExtensibilityGlobals) = postSolution
		SolutionGuid = {BB566D15-595B-4F51-83BF-61C608322B1A}
	EndGlobalSection
EndGlobal
