
Microsoft Visual Studio Solution File, Format Version 12.00
# Visual Studio 15
VisualStudioVersion = 15.0.27703.2035
MinimumVisualStudioVersion = 10.0.40219.1
Project("{9A19103F-16F7-4668-BE54-9A1E7A4F7556}") = "Akka.Streams.Azure.StorageQueue", "Akka.Streams.Azure.StorageQueue\Akka.Streams.Azure.StorageQueue.csproj", "{0840881E-1209-451C-94F3-8D84C331ADF8}"
EndProject
Project("{9A19103F-16F7-4668-BE54-9A1E7A4F7556}") = "Akka.Streams.Azure.StorageQueue.Tests", "Akka.Streams.Azure.StorageQueue.Tests\Akka.Streams.Azure.StorageQueue.Tests.csproj", "{218F636E-C631-43C5-B58C-FDBAD51A10CB}"
EndProject
Project("{9A19103F-16F7-4668-BE54-9A1E7A4F7556}") = "Akka.Streams.Azure.EventHub", "Akka.Streams.Azure.EventHub\Akka.Streams.Azure.EventHub.csproj", "{8652C6F5-E968-44E2-8B43-BB7D17A59B8F}"
EndProject
Project("{9A19103F-16F7-4668-BE54-9A1E7A4F7556}") = "Akka.Streams.Azure.EventHub.Examples", "Akka.Streams.Azure.EventHub.Examples\Akka.Streams.Azure.EventHub.Examples.csproj", "{2311A902-2083-4491-AEA2-CEB7031479B3}"
EndProject
Project("{9A19103F-16F7-4668-BE54-9A1E7A4F7556}") = "Akka.Streams.Azure.ServiceBus", "Akka.Streams.Azure.ServiceBus\Akka.Streams.Azure.ServiceBus.csproj", "{6A9F129E-257E-47AE-9087-7FDE729439F8}"
EndProject
Project("{9A19103F-16F7-4668-BE54-9A1E7A4F7556}") = "Akka.Streams.Azure.ServiceBus.Examples", "Akka.Streams.Azure.ServiceBus.Examples\Akka.Streams.Azure.ServiceBus.Examples.csproj", "{3C87E67B-601A-4D32-8CA3-55BE893F0377}"
EndProject
Global
	GlobalSection(SolutionConfigurationPlatforms) = preSolution
		Debug|Any CPU = Debug|Any CPU
		Release|Any CPU = Release|Any CPU
	EndGlobalSection
	GlobalSection(ProjectConfigurationPlatforms) = postSolution
		{0840881E-1209-451C-94F3-8D84C331ADF8}.Debug|Any CPU.ActiveCfg = Debug|Any CPU
		{0840881E-1209-451C-94F3-8D84C331ADF8}.Debug|Any CPU.Build.0 = Debug|Any CPU
		{0840881E-1209-451C-94F3-8D84C331ADF8}.Release|Any CPU.ActiveCfg = Release|Any CPU
		{0840881E-1209-451C-94F3-8D84C331ADF8}.Release|Any CPU.Build.0 = Release|Any CPU
		{218F636E-C631-43C5-B58C-FDBAD51A10CB}.Debug|Any CPU.ActiveCfg = Debug|Any CPU
		{218F636E-C631-43C5-B58C-FDBAD51A10CB}.Debug|Any CPU.Build.0 = Debug|Any CPU
		{218F636E-C631-43C5-B58C-FDBAD51A10CB}.Release|Any CPU.ActiveCfg = Release|Any CPU
		{218F636E-C631-43C5-B58C-FDBAD51A10CB}.Release|Any CPU.Build.0 = Release|Any CPU
		{8652C6F5-E968-44E2-8B43-BB7D17A59B8F}.Debug|Any CPU.ActiveCfg = Debug|Any CPU
		{8652C6F5-E968-44E2-8B43-BB7D17A59B8F}.Debug|Any CPU.Build.0 = Debug|Any CPU
		{8652C6F5-E968-44E2-8B43-BB7D17A59B8F}.Release|Any CPU.ActiveCfg = Release|Any CPU
		{8652C6F5-E968-44E2-8B43-BB7D17A59B8F}.Release|Any CPU.Build.0 = Release|Any CPU
		{2311A902-2083-4491-AEA2-CEB7031479B3}.Debug|Any CPU.ActiveCfg = Debug|Any CPU
		{2311A902-2083-4491-AEA2-CEB7031479B3}.Debug|Any CPU.Build.0 = Debug|Any CPU
		{2311A902-2083-4491-AEA2-CEB7031479B3}.Release|Any CPU.ActiveCfg = Release|Any CPU
		{2311A902-2083-4491-AEA2-CEB7031479B3}.Release|Any CPU.Build.0 = Release|Any CPU
		{6A9F129E-257E-47AE-9087-7FDE729439F8}.Debug|Any CPU.ActiveCfg = Debug|Any CPU
		{6A9F129E-257E-47AE-9087-7FDE729439F8}.Debug|Any CPU.Build.0 = Debug|Any CPU
		{6A9F129E-257E-47AE-9087-7FDE729439F8}.Release|Any CPU.ActiveCfg = Release|Any CPU
		{6A9F129E-257E-47AE-9087-7FDE729439F8}.Release|Any CPU.Build.0 = Release|Any CPU
		{3C87E67B-601A-4D32-8CA3-55BE893F0377}.Debug|Any CPU.ActiveCfg = Debug|Any CPU
		{3C87E67B-601A-4D32-8CA3-55BE893F0377}.Debug|Any CPU.Build.0 = Debug|Any CPU
		{3C87E67B-601A-4D32-8CA3-55BE893F0377}.Release|Any CPU.ActiveCfg = Release|Any CPU
		{3C87E67B-601A-4D32-8CA3-55BE893F0377}.Release|Any CPU.Build.0 = Release|Any CPU
	EndGlobalSection
	GlobalSection(SolutionProperties) = preSolution
		HideSolutionNode = FALSE
	EndGlobalSection
	GlobalSection(ExtensibilityGlobals) = postSolution
		SolutionGuid = {91DA1187-A524-457D-9B68-C5DF718F3DA6}
	EndGlobalSection
EndGlobal
