
Microsoft Visual Studio Solution File, Format Version 12.00
# Visual Studio 15
VisualStudioVersion = 15.0.26430.13
MinimumVisualStudioVersion = 10.0.40219.1
Project("{FAE04EC0-301F-11D3-BF4B-00C04F79EFBC}") = "Akka.Streams.Contrib", "Akka.Streams.Contrib\Akka.Streams.Contrib.csproj", "{B753ED55-E59F-41CE-B4E5-DFEB5057A611}"
EndProject
Project("{FAE04EC0-301F-11D3-BF4B-00C04F79EFBC}") = "Akka.Streams.Contrib.Tests", "Akka.Streams.Contrib.Tests\Akka.Streams.Contrib.Tests.csproj", "{00575DAA-769D-4415-8C4A-55B11400F121}"
EndProject
Global
	GlobalSection(SolutionConfigurationPlatforms) = preSolution
		Debug|Any CPU = Debug|Any CPU
		Release|Any CPU = Release|Any CPU
	EndGlobalSection
	GlobalSection(ProjectConfigurationPlatforms) = postSolution
		{B753ED55-E59F-41CE-B4E5-DFEB5057A611}.Debug|Any CPU.ActiveCfg = Debug|Any CPU
		{B753ED55-E59F-41CE-B4E5-DFEB5057A611}.Debug|Any CPU.Build.0 = Debug|Any CPU
		{B753ED55-E59F-41CE-B4E5-DFEB5057A611}.Release|Any CPU.ActiveCfg = Release|Any CPU
		{B753ED55-E59F-41CE-B4E5-DFEB5057A611}.Release|Any CPU.Build.0 = Release|Any CPU
		{00575DAA-769D-4415-8C4A-55B11400F121}.Debug|Any CPU.ActiveCfg = Debug|Any CPU
		{00575DAA-769D-4415-8C4A-55B11400F121}.Debug|Any CPU.Build.0 = Debug|Any CPU
		{00575DAA-769D-4415-8C4A-55B11400F121}.Release|Any CPU.ActiveCfg = Release|Any CPU
		{00575DAA-769D-4415-8C4A-55B11400F121}.Release|Any CPU.Build.0 = Release|Any CPU
	EndGlobalSection
	GlobalSection(SolutionProperties) = preSolution
		HideSolutionNode = FALSE
	EndGlobalSection
EndGlobal
