
Microsoft Visual Studio Solution File, Format Version 12.00
# Visual Studio Version 16
VisualStudioVersion = 16.0.30204.135
MinimumVisualStudioVersion = 10.0.40219.1
Project("{9A19103F-16F7-4668-BE54-9A1E7A4F7556}") = "Akka.Streams.Amqp", "Amqp\Akka.Streams.Amqp\Akka.Streams.Amqp.csproj", "{209333C3-0916-47AE-B40C-70548E46A3BC}"
EndProject
Project("{9A19103F-16F7-4668-BE54-9A1E7A4F7556}") = "Akka.Streams.Amqp.Tests", "Amqp\Akka.Streams.Amqp.Tests\Akka.Streams.Amqp.Tests.csproj", "{8D0DED3F-28E9-4140-9765-FB3B9C8B3AAE}"
EndProject
Project("{2150E333-8FDC-42A3-9474-1A3956D46DE8}") = "Amqp", "Amqp", "{9A8B3B60-F75D-4906-B368-739CA08C25D4}"
EndProject
Project("{9A19103F-16F7-4668-BE54-9A1E7A4F7556}") = "Akka.Streams.Azure.EventHub", "Azure\Akka.Streams.Azure.EventHub\Akka.Streams.Azure.EventHub.csproj", "{5AEAB925-5BAB-4275-BAA0-2C2BFDC65212}"
EndProject
Project("{2150E333-8FDC-42A3-9474-1A3956D46DE8}") = "Azure", "Azure", "{76BFA9AB-B23C-4B42-8FCC-0CEBED2CBFA9}"
EndProject
Project("{9A19103F-16F7-4668-BE54-9A1E7A4F7556}") = "Akka.Streams.Azure.ServiceBus", "Azure\Akka.Streams.Azure.ServiceBus\Akka.Streams.Azure.ServiceBus.csproj", "{F0251C77-28A3-4815-919C-65E4823DC0D0}"
EndProject
Project("{9A19103F-16F7-4668-BE54-9A1E7A4F7556}") = "Akka.Streams.Azure.StorageQueue", "Azure\Akka.Streams.Azure.StorageQueue\Akka.Streams.Azure.StorageQueue.csproj", "{C088D6C4-C4E1-4A07-888B-D449295F470B}"
EndProject
Project("{9A19103F-16F7-4668-BE54-9A1E7A4F7556}") = "Akka.Streams.Azure.StorageQueue.Tests", "Azure\Akka.Streams.Azure.StorageQueue.Tests\Akka.Streams.Azure.StorageQueue.Tests.csproj", "{2BD96ED1-2DD5-4DA8-B5DF-569C30828E51}"
EndProject
Project("{2150E333-8FDC-42A3-9474-1A3956D46DE8}") = "Csv", "Csv", "{F1B6F1D0-016E-4DC6-8354-4101CB2E7B43}"
EndProject
Project("{9A19103F-16F7-4668-BE54-9A1E7A4F7556}") = "Akka.Streams.Csv", "Csv\Akka.Streams.Csv\Akka.Streams.Csv.csproj", "{EEC3AE92-68C1-46CE-88F3-A970EA07AF4F}"
EndProject
Project("{9A19103F-16F7-4668-BE54-9A1E7A4F7556}") = "Akka.Streams.Csv.Tests", "Csv\Akka.Streams.Csv.Tests\Akka.Streams.Csv.Tests.csproj", "{7430BEC8-7E4A-4EC0-B625-0AA1AC6BE0CF}"
EndProject
Project("{2150E333-8FDC-42A3-9474-1A3956D46DE8}") = "SignalIR", "SignalIR", "{EC3EE065-80ED-40AC-B4BC-00B1F8C3AFA6}"
EndProject
Project("{9A19103F-16F7-4668-BE54-9A1E7A4F7556}") = "Akka.Streams.SignalR", "SignalIR\Akka.Streams.SignalR\Akka.Streams.SignalR.csproj", "{0B3F0845-DF96-4730-8EDE-9DA604C55AE5}"
EndProject
Project("{2150E333-8FDC-42A3-9474-1A3956D46DE8}") = "Solution Items", "Solution Items", "{EEA93301-F97B-49F0-BB08-33F7CC5A24BB}"
	ProjectSection(SolutionItems) = preProject
		.editorconfig = .editorconfig
		..\build.fsx = ..\build.fsx
		common.props = common.props
		..\RELEASE_NOTES.md = ..\RELEASE_NOTES.md
		xunit.runner.json = xunit.runner.json
	EndProjectSection
EndProject
Project("{2150E333-8FDC-42A3-9474-1A3956D46DE8}") = "SNS", "SNS", "{805C6D37-6F39-4EAE-BEED-61100104FF3D}"
EndProject
Project("{2150E333-8FDC-42A3-9474-1A3956D46DE8}") = "Xml", "Xml", "{9D36CAB6-44DB-4390-9455-AFCDFCB8476E}"
EndProject
Project("{9A19103F-16F7-4668-BE54-9A1E7A4F7556}") = "Akka.Streams.Xml", "Xml\Akka.Streams.Xml\Akka.Streams.Xml.csproj", "{E7028A0A-5F18-4D38-B4BE-D86760ABD028}"
EndProject
Project("{9A19103F-16F7-4668-BE54-9A1E7A4F7556}") = "Akka.Streams.Xml.Tests", "Xml\Akka.Streams.Xml.Tests\Akka.Streams.Xml.Tests.csproj", "{BCE118B4-AAB2-4441-9EA0-45008FA14B91}"
EndProject
Project("{2150E333-8FDC-42A3-9474-1A3956D46DE8}") = "Examples", "Examples", "{0F8B4CBE-9AB4-4B1A-8700-B451B106EAAD}"
EndProject
Project("{2150E333-8FDC-42A3-9474-1A3956D46DE8}") = "Examples", "Examples", "{00D302CC-A29C-47D2-B2EF-F236656A2608}"
EndProject
Project("{9A19103F-16F7-4668-BE54-9A1E7A4F7556}") = "Akka.Streams.Azure.EventHub.Examples", "Azure\Examples\Akka.Streams.Azure.EventHub.Examples\Akka.Streams.Azure.EventHub.Examples.csproj", "{8CC9CADD-1DAA-49D8-8BF9-1E3CC93FBC0C}"
EndProject
Project("{9A19103F-16F7-4668-BE54-9A1E7A4F7556}") = "Akka.Streams.Azure.ServiceBus.Examples", "Azure\Examples\Akka.Streams.Azure.ServiceBus.Examples\Akka.Streams.Azure.ServiceBus.Examples.csproj", "{8C13FB84-16A1-40F5-9ECD-90D7D99D9901}"
EndProject
Project("{9A19103F-16F7-4668-BE54-9A1E7A4F7556}") = "Akka.Streams.SignalIR.Examples", "SignalIR\Examples\Akka.Streams.SignalIR.Examples\Akka.Streams.SignalIR.Examples.csproj", "{255C1622-0423-4F34-BDD5-BF0CF91384FD}"
EndProject
Project("{2150E333-8FDC-42A3-9474-1A3956D46DE8}") = "AWS", "AWS", "{D16AA3B8-C8FD-4954-9123-039A2A0BEA19}"
EndProject
Project("{2150E333-8FDC-42A3-9474-1A3956D46DE8}") = "Kinesis", "Kinesis", "{226204F3-CE6B-4912-943C-28DED48DD3C5}"
EndProject
Project("{2150E333-8FDC-42A3-9474-1A3956D46DE8}") = "SQS", "SQS", "{6FAA514D-8B69-4EA7-9D17-F542C8B66ECF}"
EndProject
Project("{9A19103F-16F7-4668-BE54-9A1E7A4F7556}") = "Akka.Streams.Sns", "AWS\SNS\Akka.Streams.Sns\Akka.Streams.Sns.csproj", "{3A3A8B89-95E1-4A79-832A-99F10BA78C3A}"
EndProject
Project("{9A19103F-16F7-4668-BE54-9A1E7A4F7556}") = "Akka.Streams.Sns.Tests", "AWS\SNS\Akka.Streams.Sns.Tests\Akka.Streams.Sns.Tests.csproj", "{0D75972B-5426-4D3D-866F-B6BE8BF6B369}"
EndProject
Project("{9A19103F-16F7-4668-BE54-9A1E7A4F7556}") = "Akka.Streams.Kinesis", "AWS\Kinesis\Akka.Streams.Kinesis\Akka.Streams.Kinesis.csproj", "{E703376C-6A79-4E96-87DA-AC188DBC51E0}"
EndProject
Project("{9A19103F-16F7-4668-BE54-9A1E7A4F7556}") = "Akka.Streams.Kinesis.Tests", "AWS\Kinesis\Akka.Streams.Kinesis.Tests\Akka.Streams.Kinesis.Tests.csproj", "{45CEF0FF-6EF9-4A65-92A0-BC872DF04D1D}"
EndProject
Project("{9A19103F-16F7-4668-BE54-9A1E7A4F7556}") = "Akka.Streams.SQS", "AWS\SQS\Akka.Streams.SQS\Akka.Streams.SQS.csproj", "{AF51F88B-BE49-43C9-A204-E3117C95C6E2}"
EndProject
Project("{9A19103F-16F7-4668-BE54-9A1E7A4F7556}") = "Akka.Streams.SQS.Tests", "AWS\SQS\Akka.Streams.SQS.Tests\Akka.Streams.SQS.Tests.csproj", "{9FB24FFA-C15A-4BD0-AF56-1D05F5917D5B}"
EndProject
Project("{2150E333-8FDC-42A3-9474-1A3956D46DE8}") = "Channels", "Channels", "{0BA6B6E2-6946-45C9-9409-0522016B4070}"
EndProject
Project("{9A19103F-16F7-4668-BE54-9A1E7A4F7556}") = "Akka.Streams.Channels", "Channels\Akka.Streams.Channels\Akka.Streams.Channels.csproj", "{6DCAC8B6-2C67-4E59-ACC7-DAA91650E261}"
EndProject
Project("{9A19103F-16F7-4668-BE54-9A1E7A4F7556}") = "Akka.Streams.Channels.Tests", "Channels\Akka.Streams.Channels.Tests\Akka.Streams.Channels.Tests.csproj", "{EA687382-CD58-45A3-B142-ED06295002F5}"
EndProject
Project("{2150E333-8FDC-42A3-9474-1A3956D46DE8}") = "SignalR.AspNetCore", "SignalR.AspNetCore", "{DAB5C318-24D3-4B31-BEE0-EC0FAFC00F82}"
EndProject
Project("{9A19103F-16F7-4668-BE54-9A1E7A4F7556}") = "Akka.Streams.SignalR.AspNetCore", "SignalR.AspNetCore\Akka.Streams.SignalR.AspNetCore\Akka.Streams.SignalR.AspNetCore.csproj", "{99DB3CBF-9407-49F6-BE6A-FE32CC3FDE7E}"
EndProject
Project("{9A19103F-16F7-4668-BE54-9A1E7A4F7556}") = "Akka.Streams.SignalR.AspNetCore.Tests", "SignalR.AspNetCore\Akka.Streams.SignalR.AspNetCore.Tests\Akka.Streams.SignalR.AspNetCore.Tests.csproj", "{8DF21727-42A3-4DAA-ADEB-4528BF38FBBF}"
EndProject
Project("{2150E333-8FDC-42A3-9474-1A3956D46DE8}") = "Examples", "Examples", "{61B9A718-FBF4-4297-83A0-E693A458435F}"
EndProject
Project("{9A19103F-16F7-4668-BE54-9A1E7A4F7556}") = "Akka.Streams.SignalR.AspNetCore.Examples", "SignalR.AspNetCore\Examples\Akka.Streams.SignalR.AspNetCore.Examples\Akka.Streams.SignalR.AspNetCore.Examples.csproj", "{B0D5EA66-C997-464D-A655-15592CA2E79B}"
EndProject
Project("{2150E333-8FDC-42A3-9474-1A3956D46DE8}") = "build-system", "build-system", "{1773F9EE-ABAA-4266-9336-CD4FB8833703}"
	ProjectSection(SolutionItems) = preProject
		..\build-system\azure-pipeline.template.yaml = ..\build-system\azure-pipeline.template.yaml
		..\build-system\nightly-builds.yaml = ..\build-system\nightly-builds.yaml
		..\build-system\pr-validation.yaml = ..\build-system\pr-validation.yaml
		..\build-system\README.md = ..\build-system\README.md
		..\build-system\windows-release.yaml = ..\build-system\windows-release.yaml
	EndProjectSection
EndProject
Project("{9A19103F-16F7-4668-BE54-9A1E7A4F7556}") = "Akka.Streams.Amqp.V1", "Amqp\Akka.Streams.Amqp.V1\Akka.Streams.Amqp.V1.csproj", "{32584532-EF44-45E2-9E43-CFE13609785D}"
EndProject
Global
	GlobalSection(SolutionConfigurationPlatforms) = preSolution
		Debug|Any CPU = Debug|Any CPU
		Release|Any CPU = Release|Any CPU
	EndGlobalSection
	GlobalSection(ProjectConfigurationPlatforms) = postSolution
		{209333C3-0916-47AE-B40C-70548E46A3BC}.Debug|Any CPU.ActiveCfg = Debug|Any CPU
		{209333C3-0916-47AE-B40C-70548E46A3BC}.Debug|Any CPU.Build.0 = Debug|Any CPU
		{209333C3-0916-47AE-B40C-70548E46A3BC}.Release|Any CPU.ActiveCfg = Release|Any CPU
		{209333C3-0916-47AE-B40C-70548E46A3BC}.Release|Any CPU.Build.0 = Release|Any CPU
		{8D0DED3F-28E9-4140-9765-FB3B9C8B3AAE}.Debug|Any CPU.ActiveCfg = Debug|Any CPU
		{8D0DED3F-28E9-4140-9765-FB3B9C8B3AAE}.Debug|Any CPU.Build.0 = Debug|Any CPU
		{8D0DED3F-28E9-4140-9765-FB3B9C8B3AAE}.Release|Any CPU.ActiveCfg = Release|Any CPU
		{8D0DED3F-28E9-4140-9765-FB3B9C8B3AAE}.Release|Any CPU.Build.0 = Release|Any CPU
		{5AEAB925-5BAB-4275-BAA0-2C2BFDC65212}.Debug|Any CPU.ActiveCfg = Debug|Any CPU
		{5AEAB925-5BAB-4275-BAA0-2C2BFDC65212}.Debug|Any CPU.Build.0 = Debug|Any CPU
		{5AEAB925-5BAB-4275-BAA0-2C2BFDC65212}.Release|Any CPU.ActiveCfg = Release|Any CPU
		{5AEAB925-5BAB-4275-BAA0-2C2BFDC65212}.Release|Any CPU.Build.0 = Release|Any CPU
		{F0251C77-28A3-4815-919C-65E4823DC0D0}.Debug|Any CPU.ActiveCfg = Debug|Any CPU
		{F0251C77-28A3-4815-919C-65E4823DC0D0}.Debug|Any CPU.Build.0 = Debug|Any CPU
		{F0251C77-28A3-4815-919C-65E4823DC0D0}.Release|Any CPU.ActiveCfg = Release|Any CPU
		{F0251C77-28A3-4815-919C-65E4823DC0D0}.Release|Any CPU.Build.0 = Release|Any CPU
		{C088D6C4-C4E1-4A07-888B-D449295F470B}.Debug|Any CPU.ActiveCfg = Debug|Any CPU
		{C088D6C4-C4E1-4A07-888B-D449295F470B}.Debug|Any CPU.Build.0 = Debug|Any CPU
		{C088D6C4-C4E1-4A07-888B-D449295F470B}.Release|Any CPU.ActiveCfg = Release|Any CPU
		{C088D6C4-C4E1-4A07-888B-D449295F470B}.Release|Any CPU.Build.0 = Release|Any CPU
		{2BD96ED1-2DD5-4DA8-B5DF-569C30828E51}.Debug|Any CPU.ActiveCfg = Debug|Any CPU
		{2BD96ED1-2DD5-4DA8-B5DF-569C30828E51}.Debug|Any CPU.Build.0 = Debug|Any CPU
		{2BD96ED1-2DD5-4DA8-B5DF-569C30828E51}.Release|Any CPU.ActiveCfg = Release|Any CPU
		{2BD96ED1-2DD5-4DA8-B5DF-569C30828E51}.Release|Any CPU.Build.0 = Release|Any CPU
		{EEC3AE92-68C1-46CE-88F3-A970EA07AF4F}.Debug|Any CPU.ActiveCfg = Debug|Any CPU
		{EEC3AE92-68C1-46CE-88F3-A970EA07AF4F}.Debug|Any CPU.Build.0 = Debug|Any CPU
		{EEC3AE92-68C1-46CE-88F3-A970EA07AF4F}.Release|Any CPU.ActiveCfg = Release|Any CPU
		{EEC3AE92-68C1-46CE-88F3-A970EA07AF4F}.Release|Any CPU.Build.0 = Release|Any CPU
		{7430BEC8-7E4A-4EC0-B625-0AA1AC6BE0CF}.Debug|Any CPU.ActiveCfg = Debug|Any CPU
		{7430BEC8-7E4A-4EC0-B625-0AA1AC6BE0CF}.Debug|Any CPU.Build.0 = Debug|Any CPU
		{7430BEC8-7E4A-4EC0-B625-0AA1AC6BE0CF}.Release|Any CPU.ActiveCfg = Release|Any CPU
		{7430BEC8-7E4A-4EC0-B625-0AA1AC6BE0CF}.Release|Any CPU.Build.0 = Release|Any CPU
		{0B3F0845-DF96-4730-8EDE-9DA604C55AE5}.Debug|Any CPU.ActiveCfg = Debug|Any CPU
		{0B3F0845-DF96-4730-8EDE-9DA604C55AE5}.Debug|Any CPU.Build.0 = Debug|Any CPU
		{0B3F0845-DF96-4730-8EDE-9DA604C55AE5}.Release|Any CPU.ActiveCfg = Release|Any CPU
		{0B3F0845-DF96-4730-8EDE-9DA604C55AE5}.Release|Any CPU.Build.0 = Release|Any CPU
		{E7028A0A-5F18-4D38-B4BE-D86760ABD028}.Debug|Any CPU.ActiveCfg = Debug|Any CPU
		{E7028A0A-5F18-4D38-B4BE-D86760ABD028}.Debug|Any CPU.Build.0 = Debug|Any CPU
		{E7028A0A-5F18-4D38-B4BE-D86760ABD028}.Release|Any CPU.ActiveCfg = Release|Any CPU
		{E7028A0A-5F18-4D38-B4BE-D86760ABD028}.Release|Any CPU.Build.0 = Release|Any CPU
		{BCE118B4-AAB2-4441-9EA0-45008FA14B91}.Debug|Any CPU.ActiveCfg = Debug|Any CPU
		{BCE118B4-AAB2-4441-9EA0-45008FA14B91}.Debug|Any CPU.Build.0 = Debug|Any CPU
		{BCE118B4-AAB2-4441-9EA0-45008FA14B91}.Release|Any CPU.ActiveCfg = Release|Any CPU
		{BCE118B4-AAB2-4441-9EA0-45008FA14B91}.Release|Any CPU.Build.0 = Release|Any CPU
		{8CC9CADD-1DAA-49D8-8BF9-1E3CC93FBC0C}.Debug|Any CPU.ActiveCfg = Debug|Any CPU
		{8CC9CADD-1DAA-49D8-8BF9-1E3CC93FBC0C}.Debug|Any CPU.Build.0 = Debug|Any CPU
		{8CC9CADD-1DAA-49D8-8BF9-1E3CC93FBC0C}.Release|Any CPU.ActiveCfg = Release|Any CPU
		{8CC9CADD-1DAA-49D8-8BF9-1E3CC93FBC0C}.Release|Any CPU.Build.0 = Release|Any CPU
		{8C13FB84-16A1-40F5-9ECD-90D7D99D9901}.Debug|Any CPU.ActiveCfg = Debug|Any CPU
		{8C13FB84-16A1-40F5-9ECD-90D7D99D9901}.Debug|Any CPU.Build.0 = Debug|Any CPU
		{8C13FB84-16A1-40F5-9ECD-90D7D99D9901}.Release|Any CPU.ActiveCfg = Release|Any CPU
		{8C13FB84-16A1-40F5-9ECD-90D7D99D9901}.Release|Any CPU.Build.0 = Release|Any CPU
		{255C1622-0423-4F34-BDD5-BF0CF91384FD}.Debug|Any CPU.ActiveCfg = Debug|Any CPU
		{255C1622-0423-4F34-BDD5-BF0CF91384FD}.Debug|Any CPU.Build.0 = Debug|Any CPU
		{255C1622-0423-4F34-BDD5-BF0CF91384FD}.Release|Any CPU.ActiveCfg = Release|Any CPU
		{255C1622-0423-4F34-BDD5-BF0CF91384FD}.Release|Any CPU.Build.0 = Release|Any CPU
		{3A3A8B89-95E1-4A79-832A-99F10BA78C3A}.Debug|Any CPU.ActiveCfg = Debug|Any CPU
		{3A3A8B89-95E1-4A79-832A-99F10BA78C3A}.Debug|Any CPU.Build.0 = Debug|Any CPU
		{3A3A8B89-95E1-4A79-832A-99F10BA78C3A}.Release|Any CPU.ActiveCfg = Release|Any CPU
		{3A3A8B89-95E1-4A79-832A-99F10BA78C3A}.Release|Any CPU.Build.0 = Release|Any CPU
		{0D75972B-5426-4D3D-866F-B6BE8BF6B369}.Debug|Any CPU.ActiveCfg = Debug|Any CPU
		{0D75972B-5426-4D3D-866F-B6BE8BF6B369}.Debug|Any CPU.Build.0 = Debug|Any CPU
		{0D75972B-5426-4D3D-866F-B6BE8BF6B369}.Release|Any CPU.ActiveCfg = Release|Any CPU
		{0D75972B-5426-4D3D-866F-B6BE8BF6B369}.Release|Any CPU.Build.0 = Release|Any CPU
		{E703376C-6A79-4E96-87DA-AC188DBC51E0}.Debug|Any CPU.ActiveCfg = Debug|Any CPU
		{E703376C-6A79-4E96-87DA-AC188DBC51E0}.Debug|Any CPU.Build.0 = Debug|Any CPU
		{E703376C-6A79-4E96-87DA-AC188DBC51E0}.Release|Any CPU.ActiveCfg = Release|Any CPU
		{E703376C-6A79-4E96-87DA-AC188DBC51E0}.Release|Any CPU.Build.0 = Release|Any CPU
		{45CEF0FF-6EF9-4A65-92A0-BC872DF04D1D}.Debug|Any CPU.ActiveCfg = Debug|Any CPU
		{45CEF0FF-6EF9-4A65-92A0-BC872DF04D1D}.Debug|Any CPU.Build.0 = Debug|Any CPU
		{45CEF0FF-6EF9-4A65-92A0-BC872DF04D1D}.Release|Any CPU.ActiveCfg = Release|Any CPU
		{45CEF0FF-6EF9-4A65-92A0-BC872DF04D1D}.Release|Any CPU.Build.0 = Release|Any CPU
		{AF51F88B-BE49-43C9-A204-E3117C95C6E2}.Debug|Any CPU.ActiveCfg = Debug|Any CPU
		{AF51F88B-BE49-43C9-A204-E3117C95C6E2}.Debug|Any CPU.Build.0 = Debug|Any CPU
		{AF51F88B-BE49-43C9-A204-E3117C95C6E2}.Release|Any CPU.ActiveCfg = Release|Any CPU
		{AF51F88B-BE49-43C9-A204-E3117C95C6E2}.Release|Any CPU.Build.0 = Release|Any CPU
		{9FB24FFA-C15A-4BD0-AF56-1D05F5917D5B}.Debug|Any CPU.ActiveCfg = Debug|Any CPU
		{9FB24FFA-C15A-4BD0-AF56-1D05F5917D5B}.Debug|Any CPU.Build.0 = Debug|Any CPU
		{9FB24FFA-C15A-4BD0-AF56-1D05F5917D5B}.Release|Any CPU.ActiveCfg = Release|Any CPU
		{9FB24FFA-C15A-4BD0-AF56-1D05F5917D5B}.Release|Any CPU.Build.0 = Release|Any CPU
		{6DCAC8B6-2C67-4E59-ACC7-DAA91650E261}.Debug|Any CPU.ActiveCfg = Debug|Any CPU
		{6DCAC8B6-2C67-4E59-ACC7-DAA91650E261}.Debug|Any CPU.Build.0 = Debug|Any CPU
		{6DCAC8B6-2C67-4E59-ACC7-DAA91650E261}.Release|Any CPU.ActiveCfg = Release|Any CPU
		{6DCAC8B6-2C67-4E59-ACC7-DAA91650E261}.Release|Any CPU.Build.0 = Release|Any CPU
		{EA687382-CD58-45A3-B142-ED06295002F5}.Debug|Any CPU.ActiveCfg = Debug|Any CPU
		{EA687382-CD58-45A3-B142-ED06295002F5}.Debug|Any CPU.Build.0 = Debug|Any CPU
		{EA687382-CD58-45A3-B142-ED06295002F5}.Release|Any CPU.ActiveCfg = Release|Any CPU
		{EA687382-CD58-45A3-B142-ED06295002F5}.Release|Any CPU.Build.0 = Release|Any CPU
		{99DB3CBF-9407-49F6-BE6A-FE32CC3FDE7E}.Debug|Any CPU.ActiveCfg = Debug|Any CPU
		{99DB3CBF-9407-49F6-BE6A-FE32CC3FDE7E}.Debug|Any CPU.Build.0 = Debug|Any CPU
		{99DB3CBF-9407-49F6-BE6A-FE32CC3FDE7E}.Release|Any CPU.ActiveCfg = Release|Any CPU
		{99DB3CBF-9407-49F6-BE6A-FE32CC3FDE7E}.Release|Any CPU.Build.0 = Release|Any CPU
		{8DF21727-42A3-4DAA-ADEB-4528BF38FBBF}.Debug|Any CPU.ActiveCfg = Debug|Any CPU
		{8DF21727-42A3-4DAA-ADEB-4528BF38FBBF}.Debug|Any CPU.Build.0 = Debug|Any CPU
		{8DF21727-42A3-4DAA-ADEB-4528BF38FBBF}.Release|Any CPU.ActiveCfg = Release|Any CPU
		{8DF21727-42A3-4DAA-ADEB-4528BF38FBBF}.Release|Any CPU.Build.0 = Release|Any CPU
		{B0D5EA66-C997-464D-A655-15592CA2E79B}.Debug|Any CPU.ActiveCfg = Debug|Any CPU
		{B0D5EA66-C997-464D-A655-15592CA2E79B}.Debug|Any CPU.Build.0 = Debug|Any CPU
		{B0D5EA66-C997-464D-A655-15592CA2E79B}.Release|Any CPU.ActiveCfg = Release|Any CPU
		{B0D5EA66-C997-464D-A655-15592CA2E79B}.Release|Any CPU.Build.0 = Release|Any CPU
		{32584532-EF44-45E2-9E43-CFE13609785D}.Debug|Any CPU.ActiveCfg = Debug|Any CPU
		{32584532-EF44-45E2-9E43-CFE13609785D}.Debug|Any CPU.Build.0 = Debug|Any CPU
		{32584532-EF44-45E2-9E43-CFE13609785D}.Release|Any CPU.ActiveCfg = Release|Any CPU
		{32584532-EF44-45E2-9E43-CFE13609785D}.Release|Any CPU.Build.0 = Release|Any CPU
	EndGlobalSection
	GlobalSection(SolutionProperties) = preSolution
		HideSolutionNode = FALSE
	EndGlobalSection
	GlobalSection(NestedProjects) = preSolution
		{209333C3-0916-47AE-B40C-70548E46A3BC} = {9A8B3B60-F75D-4906-B368-739CA08C25D4}
		{8D0DED3F-28E9-4140-9765-FB3B9C8B3AAE} = {9A8B3B60-F75D-4906-B368-739CA08C25D4}
		{5AEAB925-5BAB-4275-BAA0-2C2BFDC65212} = {76BFA9AB-B23C-4B42-8FCC-0CEBED2CBFA9}
		{F0251C77-28A3-4815-919C-65E4823DC0D0} = {76BFA9AB-B23C-4B42-8FCC-0CEBED2CBFA9}
		{C088D6C4-C4E1-4A07-888B-D449295F470B} = {76BFA9AB-B23C-4B42-8FCC-0CEBED2CBFA9}
		{2BD96ED1-2DD5-4DA8-B5DF-569C30828E51} = {76BFA9AB-B23C-4B42-8FCC-0CEBED2CBFA9}
		{EEC3AE92-68C1-46CE-88F3-A970EA07AF4F} = {F1B6F1D0-016E-4DC6-8354-4101CB2E7B43}
		{7430BEC8-7E4A-4EC0-B625-0AA1AC6BE0CF} = {F1B6F1D0-016E-4DC6-8354-4101CB2E7B43}
		{0B3F0845-DF96-4730-8EDE-9DA604C55AE5} = {EC3EE065-80ED-40AC-B4BC-00B1F8C3AFA6}
		{805C6D37-6F39-4EAE-BEED-61100104FF3D} = {D16AA3B8-C8FD-4954-9123-039A2A0BEA19}
		{E7028A0A-5F18-4D38-B4BE-D86760ABD028} = {9D36CAB6-44DB-4390-9455-AFCDFCB8476E}
		{BCE118B4-AAB2-4441-9EA0-45008FA14B91} = {9D36CAB6-44DB-4390-9455-AFCDFCB8476E}
		{0F8B4CBE-9AB4-4B1A-8700-B451B106EAAD} = {EC3EE065-80ED-40AC-B4BC-00B1F8C3AFA6}
		{00D302CC-A29C-47D2-B2EF-F236656A2608} = {76BFA9AB-B23C-4B42-8FCC-0CEBED2CBFA9}
		{8CC9CADD-1DAA-49D8-8BF9-1E3CC93FBC0C} = {00D302CC-A29C-47D2-B2EF-F236656A2608}
		{8C13FB84-16A1-40F5-9ECD-90D7D99D9901} = {00D302CC-A29C-47D2-B2EF-F236656A2608}
		{255C1622-0423-4F34-BDD5-BF0CF91384FD} = {0F8B4CBE-9AB4-4B1A-8700-B451B106EAAD}
		{226204F3-CE6B-4912-943C-28DED48DD3C5} = {D16AA3B8-C8FD-4954-9123-039A2A0BEA19}
		{6FAA514D-8B69-4EA7-9D17-F542C8B66ECF} = {D16AA3B8-C8FD-4954-9123-039A2A0BEA19}
		{3A3A8B89-95E1-4A79-832A-99F10BA78C3A} = {805C6D37-6F39-4EAE-BEED-61100104FF3D}
		{0D75972B-5426-4D3D-866F-B6BE8BF6B369} = {805C6D37-6F39-4EAE-BEED-61100104FF3D}
		{E703376C-6A79-4E96-87DA-AC188DBC51E0} = {226204F3-CE6B-4912-943C-28DED48DD3C5}
		{45CEF0FF-6EF9-4A65-92A0-BC872DF04D1D} = {226204F3-CE6B-4912-943C-28DED48DD3C5}
		{AF51F88B-BE49-43C9-A204-E3117C95C6E2} = {6FAA514D-8B69-4EA7-9D17-F542C8B66ECF}
		{9FB24FFA-C15A-4BD0-AF56-1D05F5917D5B} = {6FAA514D-8B69-4EA7-9D17-F542C8B66ECF}
		{6DCAC8B6-2C67-4E59-ACC7-DAA91650E261} = {0BA6B6E2-6946-45C9-9409-0522016B4070}
		{EA687382-CD58-45A3-B142-ED06295002F5} = {0BA6B6E2-6946-45C9-9409-0522016B4070}
		{99DB3CBF-9407-49F6-BE6A-FE32CC3FDE7E} = {DAB5C318-24D3-4B31-BEE0-EC0FAFC00F82}
		{8DF21727-42A3-4DAA-ADEB-4528BF38FBBF} = {DAB5C318-24D3-4B31-BEE0-EC0FAFC00F82}
		{61B9A718-FBF4-4297-83A0-E693A458435F} = {DAB5C318-24D3-4B31-BEE0-EC0FAFC00F82}
		{B0D5EA66-C997-464D-A655-15592CA2E79B} = {61B9A718-FBF4-4297-83A0-E693A458435F}
		{1773F9EE-ABAA-4266-9336-CD4FB8833703} = {EEA93301-F97B-49F0-BB08-33F7CC5A24BB}
		{32584532-EF44-45E2-9E43-CFE13609785D} = {9A8B3B60-F75D-4906-B368-739CA08C25D4}
	EndGlobalSection
	GlobalSection(ExtensibilityGlobals) = postSolution
		SolutionGuid = {BE1A9436-C6F6-4C73-9EB4-32DEC9C841A5}
	EndGlobalSection
EndGlobal
